{
  "name": "javierdelgado-blog",
  "version": "1.0.0",
  "lockfileVersion": 3,
  "requires": true,
  "packages": {
    "": {
      "name": "javierdelgado-blog",
      "version": "1.0.0",
      "license": "MIT",
      "dependencies": {
        "basic-ftp": "6.2.1",
        "marked": "18.0.13"
      },
      "engines": {
        "node": ">=18"
      }
    },
    "node_modules/basic-ftp": {
      "version": "6.2.1",
      "resolved": "https://registry.npmjs.org/basic-ftp/-/basic-ftp-6.2.1.tgz",
      "integrity": "sha512-bK67isD+lKq46AU8vNtjvMaT2ZqAOAmNCbxUHlFBRD4k15NWxyEjmaKtZPlgce58So4BNTjITGQOVTjL9y0ECA==",
      "license": "MIT",
      "engines": {
        "node": ">=10.0.0"
      }
    },
    "node_modules/marked": {
      "version": "18.0.13",
      "resolved": "https://registry.npmjs.org/marked/-/marked-18.0.13.tgz",
      "integrity": "sha512-xTxVzZsBFwunP6HDmtBkabUQEYArnP7/rMDGmPj9SlrKlQ4i8MdYVow+nJL0eOqwpUqhzBoTBRADGN6uYwPyOw==",
      "license": "MIT",
      "bin": {
        "marked": "bin/marked.js"
      },
      "engines": {
        "node": ">= 20"
      }
    }
  }
}
